// !$*UTF8*$!
{
	archiveVersion = 1;
	classes = {
	};
	objectVersion = 55;
	objects = {

/* Begin PBXBuildFile section */
		F8572B632846570400E934E1 /* FirebaseAuth in Frameworks */ = {isa = PBXBuildFile; productRef = F8572B622846570400E934E1 /* FirebaseAuth */; };
		F8572B652846570400E934E1 /* FirebaseMessaging in Frameworks */ = {isa = PBXBuildFile; productRef = F8572B642846570400E934E1 /* FirebaseMessaging */; };
		F8572B6A2846754600E934E1 /* AuthenticationService.swift in Sources */ = {isa = PBXBuildFile; fileRef = F8572B692846754600E934E1 /* AuthenticationService.swift */; };
		F8572B6D28467B9400E934E1 /* PromiseKit in Frameworks */ = {isa = PBXBuildFile; productRef = F8572B6C28467B9400E934E1 /* PromiseKit */; };
		F8572B6F28467BCE00E934E1 /* AuthViewModel.swift in Sources */ = {isa = PBXBuildFile; fileRef = F8572B6E28467BCE00E934E1 /* AuthViewModel.swift */; };
		F8572B7328467C3D00E934E1 /* FirebaseError.swift in Sources */ = {isa = PBXBuildFile; fileRef = F8572B7228467C3D00E934E1 /* FirebaseError.swift */; };
		F8572B7528467C7000E934E1 /* CountryModel.swift in Sources */ = {isa = PBXBuildFile; fileRef = F8572B7428467C7000E934E1 /* CountryModel.swift */; };
		F8572B7728467F5200E934E1 /* CountryCodes.json in Resources */ = {isa = PBXBuildFile; fileRef = F8572B7628467F5200E934E1 /* CountryCodes.json */; };
		F8572B7B2846856900E934E1 /* Utils.swift in Sources */ = {isa = PBXBuildFile; fileRef = F8572B7A2846856900E934E1 /* Utils.swift */; };
		F8572B7D284685DE00E934E1 /* CustomUserDefaults.swift in Sources */ = {isa = PBXBuildFile; fileRef = F8572B7C284685DE00E934E1 /* CustomUserDefaults.swift */; };
		F8E3E63028132F5600BEEA75 /* CustomOtpViewApp.swift in Sources */ = {isa = PBXBuildFile; fileRef = F8E3E62F28132F5600BEEA75 /* CustomOtpViewApp.swift */; };
		F8E3E63228132F5600BEEA75 /* ActivateAccountView.swift in Sources */ = {isa = PBXBuildFile; fileRef = F8E3E63128132F5600BEEA75 /* ActivateAccountView.swift */; };
		F8E3E63428132F5800BEEA75 /* Assets.xcassets in Resources */ = {isa = PBXBuildFile; fileRef = F8E3E63328132F5800BEEA75 /* Assets.xcassets */; };
		F8E3E63728132F5800BEEA75 /* Preview Assets.xcassets in Resources */ = {isa = PBXBuildFile; fileRef = F8E3E63628132F5800BEEA75 /* Preview Assets.xcassets */; };
		F8E3E64328135B5200BEEA75 /* Color.swift in Sources */ = {isa = PBXBuildFile; fileRef = F8E3E64228135B5200BEEA75 /* Color.swift */; };
		F8E3E64528135B7600BEEA75 /* PhoneViewModel.swift in Sources */ = {isa = PBXBuildFile; fileRef = F8E3E64428135B7600BEEA75 /* PhoneViewModel.swift */; };
		F8E3E64928135C1500BEEA75 /* OtpTextFieldView.swift in Sources */ = {isa = PBXBuildFile; fileRef = F8E3E64828135C1500BEEA75 /* OtpTextFieldView.swift */; };
		F8E3E64B28135C3700BEEA75 /* Constants.swift in Sources */ = {isa = PBXBuildFile; fileRef = F8E3E64A28135C3700BEEA75 /* Constants.swift */; };
		F8E3E64D28135C6500BEEA75 /* LinearProgressBarView.swift in Sources */ = {isa = PBXBuildFile; fileRef = F8E3E64C28135C6500BEEA75 /* LinearProgressBarView.swift */; };
		F8E3E64F28135C7B00BEEA75 /* CountDownView.swift in Sources */ = {isa = PBXBuildFile; fileRef = F8E3E64E28135C7B00BEEA75 /* CountDownView.swift */; };
		F8E3E65128135CAF00BEEA75 /* Extensions.swift in Sources */ = {isa = PBXBuildFile; fileRef = F8E3E65028135CAF00BEEA75 /* Extensions.swift */; };
/* End PBXBuildFile section */

/* Begin PBXFileReference section */
		F8572B5E2846391F00E934E1 /* CustomOtpView.entitlements */ = {isa = PBXFileReference; lastKnownFileType = text.plist.entitlements; path = CustomOtpView.entitlements; sourceTree = "<group>"; };
		F8572B5F2846393700E934E1 /* Info.plist */ = {isa = PBXFileReference; lastKnownFileType = text.plist; path = Info.plist; sourceTree = "<group>"; };
		F8572B692846754600E934E1 /* AuthenticationService.swift */ = {isa = PBXFileReference; lastKnownFileType = sourcecode.swift; path = AuthenticationService.swift; sourceTree = "<group>"; };
		F8572B6E28467BCE00E934E1 /* AuthViewModel.swift */ = {isa = PBXFileReference; lastKnownFileType = sourcecode.swift; path = AuthViewModel.swift; sourceTree = "<group>"; };
		F8572B7228467C3D00E934E1 /* FirebaseError.swift */ = {isa = PBXFileReference; lastKnownFileType = sourcecode.swift; path = FirebaseError.swift; sourceTree = "<group>"; };
		F8572B7428467C7000E934E1 /* CountryModel.swift */ = {isa = PBXFileReference; lastKnownFileType = sourcecode.swift; path = CountryModel.swift; sourceTree = "<group>"; };
		F8572B7628467F5200E934E1 /* CountryCodes.json */ = {isa = PBXFileReference; fileEncoding = 4; lastKnownFileType = text.json; path = CountryCodes.json; sourceTree = "<group>"; };
		F8572B7A2846856900E934E1 /* Utils.swift */ = {isa = PBXFileReference; lastKnownFileType = sourcecode.swift; path = Utils.swift; sourceTree = "<group>"; };
		F8572B7C284685DE00E934E1 /* CustomUserDefaults.swift */ = {isa = PBXFileReference; lastKnownFileType = sourcecode.swift; path = CustomUserDefaults.swift; sourceTree = "<group>"; };
		F8E3E62C28132F5600BEEA75 /* CustomOtpView.app */ = {isa = PBXFileReference; explicitFileType = wrapper.application; includeInIndex = 0; path = CustomOtpView.app; sourceTree = BUILT_PRODUCTS_DIR; };
		F8E3E62F28132F5600BEEA75 /* CustomOtpViewApp.swift */ = {isa = PBXFileReference; lastKnownFileType = sourcecode.swift; path = CustomOtpViewApp.swift; sourceTree = "<group>"; };
		F8E3E63128132F5600BEEA75 /* ActivateAccountView.swift */ = {isa = PBXFileReference; lastKnownFileType = sourcecode.swift; path = ActivateAccountView.swift; sourceTree = "<group>"; };
		F8E3E63328132F5800BEEA75 /* Assets.xcassets */ = {isa = PBXFileReference; lastKnownFileType = folder.assetcatalog; path = Assets.xcassets; sourceTree = "<group>"; };
		F8E3E63628132F5800BEEA75 /* Preview Assets.xcassets */ = {isa = PBXFileReference; lastKnownFileType = folder.assetcatalog; path = "Preview Assets.xcassets"; sourceTree = "<group>"; };
		F8E3E64228135B5200BEEA75 /* Color.swift */ = {isa = PBXFileReference; lastKnownFileType = sourcecode.swift; path = Color.swift; sourceTree = "<group>"; };
		F8E3E64428135B7600BEEA75 /* PhoneViewModel.swift */ = {isa = PBXFileReference; lastKnownFileType = sourcecode.swift; path = PhoneViewModel.swift; sourceTree = "<group>"; };
		F8E3E64828135C1500BEEA75 /* OtpTextFieldView.swift */ = {isa = PBXFileReference; lastKnownFileType = sourcecode.swift; path = OtpTextFieldView.swift; sourceTree = "<group>"; };
		F8E3E64A28135C3700BEEA75 /* Constants.swift */ = {isa = PBXFileReference; lastKnownFileType = sourcecode.swift; path = Constants.swift; sourceTree = "<group>"; };
		F8E3E64C28135C6500BEEA75 /* LinearProgressBarView.swift */ = {isa = PBXFileReference; lastKnownFileType = sourcecode.swift; path = LinearProgressBarView.swift; sourceTree = "<group>"; };
		F8E3E64E28135C7B00BEEA75 /* CountDownView.swift */ = {isa = PBXFileReference; lastKnownFileType = sourcecode.swift; path = CountDownView.swift; sourceTree = "<group>"; };
		F8E3E65028135CAF00BEEA75 /* Extensions.swift */ = {isa = PBXFileReference; lastKnownFileType = sourcecode.swift; path = Extensions.swift; sourceTree = "<group>"; };
/* End PBXFileReference section */

/* Begin PBXFrameworksBuildPhase section */
		F8E3E62928132F5600BEEA75 /* Frameworks */ = {
			isa = PBXFrameworksBuildPhase;
			buildActionMask = 2147483647;
			files = (
				F8572B652846570400E934E1 /* FirebaseMessaging in Frameworks */,
				F8572B6D28467B9400E934E1 /* PromiseKit in Frameworks */,
				F8572B632846570400E934E1 /* FirebaseAuth in Frameworks */,
			);
			runOnlyForDeploymentPostprocessing = 0;
		};
/* End PBXFrameworksBuildPhase section */

/* Begin PBXGroup section */
		F8572B682846753900E934E1 /* Services */ = {
			isa = PBXGroup;
			children = (
				F8572B692846754600E934E1 /* AuthenticationService.swift */,
			);
			path = Services;
			sourceTree = "<group>";
		};
		F8572B7128467C3000E934E1 /* Models */ = {
			isa = PBXGroup;
			children = (
				F8572B7228467C3D00E934E1 /* FirebaseError.swift */,
				F8572B7428467C7000E934E1 /* CountryModel.swift */,
			);
			path = Models;
			sourceTree = "<group>";
		};
		F8E3E62328132F5600BEEA75 = {
			isa = PBXGroup;
			children = (
				F8E3E62E28132F5600BEEA75 /* CustomOtpView */,
				F8E3E62D28132F5600BEEA75 /* Products */,
			);
			sourceTree = "<group>";
		};
		F8E3E62D28132F5600BEEA75 /* Products */ = {
			isa = PBXGroup;
			children = (
				F8E3E62C28132F5600BEEA75 /* CustomOtpView.app */,
			);
			name = Products;
			sourceTree = "<group>";
		};
		F8E3E62E28132F5600BEEA75 /* CustomOtpView */ = {
			isa = PBXGroup;
			children = (
				F8572B7628467F5200E934E1 /* CountryCodes.json */,
				F8572B7128467C3000E934E1 /* Models */,
				F8572B682846753900E934E1 /* Services */,
				F8572B5F2846393700E934E1 /* Info.plist */,
				F8572B5E2846391F00E934E1 /* CustomOtpView.entitlements */,
				F8E3E64028135B3F00BEEA75 /* Utils */,
				F8E3E63F28135B0C00BEEA75 /* Views */,
				F8E3E63E28135AFF00BEEA75 /* ViewModel */,
				F8E3E63D28135AFB00BEEA75 /* App */,
				F8E3E63328132F5800BEEA75 /* Assets.xcassets */,
				F8E3E63528132F5800BEEA75 /* Preview Content */,
			);
			path = CustomOtpView;
			sourceTree = "<group>";
		};
		F8E3E63528132F5800BEEA75 /* Preview Content */ = {
			isa = PBXGroup;
			children = (
				F8E3E63628132F5800BEEA75 /* Preview Assets.xcassets */,
			);
			path = "Preview Content";
			sourceTree = "<group>";
		};
		F8E3E63D28135AFB00BEEA75 /* App */ = {
			isa = PBXGroup;
			children = (
				F8E3E62F28132F5600BEEA75 /* CustomOtpViewApp.swift */,
			);
			path = App;
			sourceTree = "<group>";
		};
		F8E3E63E28135AFF00BEEA75 /* ViewModel */ = {
			isa = PBXGroup;
			children = (
				F8E3E64428135B7600BEEA75 /* PhoneViewModel.swift */,
				F8572B6E28467BCE00E934E1 /* AuthViewModel.swift */,
			);
			path = ViewModel;
			sourceTree = "<group>";
		};
		F8E3E63F28135B0C00BEEA75 /* Views */ = {
			isa = PBXGroup;
			children = (
				F8E3E63128132F5600BEEA75 /* ActivateAccountView.swift */,
				F8E3E64828135C1500BEEA75 /* OtpTextFieldView.swift */,
				F8E3E64C28135C6500BEEA75 /* LinearProgressBarView.swift */,
				F8E3E64E28135C7B00BEEA75 /* CountDownView.swift */,
			);
			path = Views;
			sourceTree = "<group>";
		};
		F8E3E64028135B3F00BEEA75 /* Utils */ = {
			isa = PBXGroup;
			children = (
				F8E3E64128135B4300BEEA75 /* Extensions */,
				F8E3E64A28135C3700BEEA75 /* Constants.swift */,
				F8572B7A2846856900E934E1 /* Utils.swift */,
				F8572B7C284685DE00E934E1 /* CustomUserDefaults.swift */,
			);
			path = Utils;
			sourceTree = "<group>";
		};
		F8E3E64128135B4300BEEA75 /* Extensions */ = {
			isa = PBXGroup;
			children = (
				F8E3E64228135B5200BEEA75 /* Color.swift */,
				F8E3E65028135CAF00BEEA75 /* Extensions.swift */,
			);
			path = Extensions;
			sourceTree = "<group>";
		};
/* End PBXGroup section */

/* Begin PBXNativeTarget section */
		F8E3E62B28132F5600BEEA75 /* CustomOtpView */ = {
			isa = PBXNativeTarget;
			buildConfigurationList = F8E3E63A28132F5800BEEA75 /* Build configuration list for PBXNativeTarget "CustomOtpView" */;
			buildPhases = (
				F8E3E62828132F5600BEEA75 /* Sources */,
				F8E3E62928132F5600BEEA75 /* Frameworks */,
				F8E3E62A28132F5600BEEA75 /* Resources */,
			);
			buildRules = (
			);
			dependencies = (
			);
			name = CustomOtpView;
			packageProductDependencies = (
				F8572B622846570400E934E1 /* FirebaseAuth */,
				F8572B642846570400E934E1 /* FirebaseMessaging */,
				F8572B6C28467B9400E934E1 /* PromiseKit */,
			);
			productName = CustomOtpView;
			productReference = F8E3E62C28132F5600BEEA75 /* CustomOtpView.app */;
			productType = "com.apple.product-type.application";
		};
/* End PBXNativeTarget section */

/* Begin PBXProject section */
		F8E3E62428132F5600BEEA75 /* Project object */ = {
			isa = PBXProject;
			attributes = {
				BuildIndependentTargetsInParallel = 1;
				LastSwiftUpdateCheck = 1320;
				LastUpgradeCheck = 1320;
				TargetAttributes = {
					F8E3E62B28132F5600BEEA75 = {
						CreatedOnToolsVersion = 13.2.1;
					};
				};
			};
			buildConfigurationList = F8E3E62728132F5600BEEA75 /* Build configuration list for PBXProject "CustomOtpView" */;
			compatibilityVersion = "Xcode 13.0";
			developmentRegion = en;
			hasScannedForEncodings = 0;
			knownRegions = (
				en,
				Base,
			);
			mainGroup = F8E3E62328132F5600BEEA75;
			packageReferences = (
				F8572B612846570400E934E1 /* XCRemoteSwiftPackageReference "firebase-ios-sdk" */,
				F8572B6B28467B9400E934E1 /* XCRemoteSwiftPackageReference "PromiseKit" */,
			);
			productRefGroup = F8E3E62D28132F5600BEEA75 /* Products */;
			projectDirPath = "";
			projectRoot = "";
			targets = (
				F8E3E62B28132F5600BEEA75 /* CustomOtpView */,
			);
		};
/* End PBXProject section */

/* Begin PBXResourcesBuildPhase section */
		F8E3E62A28132F5600BEEA75 /* Resources */ = {
			isa = PBXResourcesBuildPhase;
			buildActionMask = 2147483647;
			files = (
				F8E3E63728132F5800BEEA75 /* Preview Assets.xcassets in Resources */,
				F8E3E63428132F5800BEEA75 /* Assets.xcassets in Resources */,
				F8572B7728467F5200E934E1 /* CountryCodes.json in Resources */,
			);
			runOnlyForDeploymentPostprocessing = 0;
		};
/* End PBXResourcesBuildPhase section */

/* Begin PBXSourcesBuildPhase section */
		F8E3E62828132F5600BEEA75 /* Sources */ = {
			isa = PBXSourcesBuildPhase;
			buildActionMask = 2147483647;
			files = (
				F8572B7D284685DE00E934E1 /* CustomUserDefaults.swift in Sources */,
				F8E3E64928135C1500BEEA75 /* OtpTextFieldView.swift in Sources */,
				F8E3E63228132F5600BEEA75 /* ActivateAccountView.swift in Sources */,
				F8572B7528467C7000E934E1 /* CountryModel.swift in Sources */,
				F8572B7B2846856900E934E1 /* Utils.swift in Sources */,
				F8E3E64528135B7600BEEA75 /* PhoneViewModel.swift in Sources */,
				F8E3E64B28135C3700BEEA75 /* Constants.swift in Sources */,
				F8E3E65128135CAF00BEEA75 /* Extensions.swift in Sources */,
				F8E3E64F28135C7B00BEEA75 /* CountDownView.swift in Sources */,
				F8E3E63028132F5600BEEA75 /* CustomOtpViewApp.swift in Sources */,
				F8572B6F28467BCE00E934E1 /* AuthViewModel.swift in Sources */,
				F8E3E64D28135C6500BEEA75 /* LinearProgressBarView.swift in Sources */,
				F8572B7328467C3D00E934E1 /* FirebaseError.swift in Sources */,
				F8E3E64328135B5200BEEA75 /* Color.swift in Sources */,
				F8572B6A2846754600E934E1 /* AuthenticationService.swift in Sources */,
			);
			runOnlyForDeploymentPostprocessing = 0;
		};
/* End PBXSourcesBuildPhase section */

/* Begin XCBuildConfiguration section */
		F8E3E63828132F5800BEEA75 /* Debug */ = {
			isa = XCBuildConfiguration;
			buildSettings = {
				ALWAYS_SEARCH_USER_PATHS = NO;
				CLANG_ANALYZER_NONNULL = YES;
				CLANG_ANALYZER_NUMBER_OBJECT_CONVERSION = YES_AGGRESSIVE;
				CLANG_CXX_LANGUAGE_STANDARD = "gnu++17";
				CLANG_CXX_LIBRARY = "libc++";
				CLANG_ENABLE_MODULES = YES;
				CLANG_ENABLE_OBJC_ARC = YES;
				CLANG_ENABLE_OBJC_WEAK = YES;
				CLANG_WARN_BLOCK_CAPTURE_AUTORELEASING = YES;
				CLANG_WARN_BOOL_CONVERSION = YES;
				CLANG_WARN_COMMA = YES;
				CLANG_WARN_CONSTANT_CONVERSION = YES;
				CLANG_WARN_DEPRECATED_OBJC_IMPLEMENTATIONS = YES;
				CLANG_WARN_DIRECT_OBJC_ISA_USAGE = YES_ERROR;
				CLANG_WARN_DOCUMENTATION_COMMENTS = YES;
				CLANG_WARN_EMPTY_BODY = YES;
				CLANG_WARN_ENUM_CONVERSION = YES;
				CLANG_WARN_INFINITE_RECURSION = YES;
				CLANG_WARN_INT_CONVERSION = YES;
				CLANG_WARN_NON_LITERAL_NULL_CONVERSION = YES;
				CLANG_WARN_OBJC_IMPLICIT_RETAIN_SELF = YES;
				CLANG_WARN_OBJC_LITERAL_CONVERSION = YES;
				CLANG_WARN_OBJC_ROOT_CLASS = YES_ERROR;
				CLANG_WARN_QUOTED_INCLUDE_IN_FRAMEWORK_HEADER = YES;
				CLANG_WARN_RANGE_LOOP_ANALYSIS = YES;
				CLANG_WARN_STRICT_PROTOTYPES = YES;
				CLANG_WARN_SUSPICIOUS_MOVE = YES;
				CLANG_WARN_UNGUARDED_AVAILABILITY = YES_AGGRESSIVE;
				CLANG_WARN_UNREACHABLE_CODE = YES;
				CLANG_WARN__DUPLICATE_METHOD_MATCH = YES;
				COPY_PHASE_STRIP = NO;
				DEBUG_INFORMATION_FORMAT = dwarf;
				ENABLE_STRICT_OBJC_MSGSEND = YES;
				ENABLE_TESTABILITY = YES;
				GCC_C_LANGUAGE_STANDARD = gnu11;
				GCC_DYNAMIC_NO_PIC = NO;
				GCC_NO_COMMON_BLOCKS = YES;
				GCC_OPTIMIZATION_LEVEL = 0;
				GCC_PREPROCESSOR_DEFINITIONS = (
					"DEBUG=1",
					"$(inherited)",
				);
				GCC_WARN_64_TO_32_BIT_CONVERSION = YES;
				GCC_WARN_ABOUT_RETURN_TYPE = YES_ERROR;
				GCC_WARN_UNDECLARED_SELECTOR = YES;
				GCC_WARN_UNINITIALIZED_AUTOS = YES_AGGRESSIVE;
				GCC_WARN_UNUSED_FUNCTION = YES;
				GCC_WARN_UNUSED_VARIABLE = YES;
				IPHONEOS_DEPLOYMENT_TARGET = 15.2;
				MTL_ENABLE_DEBUG_INFO = INCLUDE_SOURCE;
				MTL_FAST_MATH = YES;
				ONLY_ACTIVE_ARCH = YES;
				SDKROOT = iphoneos;
				SWIFT_ACTIVE_COMPILATION_CONDITIONS = DEBUG;
				SWIFT_OPTIMIZATION_LEVEL = "-Onone";
			};
			name = Debug;
		};
		F8E3E63928132F5800BEEA75 /* Release */ = {
			isa = XCBuildConfiguration;
			buildSettings = {
				ALWAYS_SEARCH_USER_PATHS = NO;
				CLANG_ANALYZER_NONNULL = YES;
				CLANG_ANALYZER_NUMBER_OBJECT_CONVERSION = YES_AGGRESSIVE;
				CLANG_CXX_LANGUAGE_STANDARD = "gnu++17";
				CLANG_CXX_LIBRARY = "libc++";
				CLANG_ENABLE_MODULES = YES;
				CLANG_ENABLE_OBJC_ARC = YES;
				CLANG_ENABLE_OBJC_WEAK = YES;
				CLANG_WARN_BLOCK_CAPTURE_AUTORELEASING = YES;
				CLANG_WARN_BOOL_CONVERSION = YES;
				CLANG_WARN_COMMA = YES;
				CLANG_WARN_CONSTANT_CONVERSION = YES;
				CLANG_WARN_DEPRECATED_OBJC_IMPLEMENTATIONS = YES;
				CLANG_WARN_DIRECT_OBJC_ISA_USAGE = YES_ERROR;
				CLANG_WARN_DOCUMENTATION_COMMENTS = YES;
				CLANG_WARN_EMPTY_BODY = YES;
				CLANG_WARN_ENUM_CONVERSION = YES;
				CLANG_WARN_INFINITE_RECURSION = YES;
				CLANG_WARN_INT_CONVERSION = YES;
				CLANG_WARN_NON_LITERAL_NULL_CONVERSION = YES;
				CLANG_WARN_OBJC_IMPLICIT_RETAIN_SELF = YES;
				CLANG_WARN_OBJC_LITERAL_CONVERSION = YES;
				CLANG_WARN_OBJC_ROOT_CLASS = YES_ERROR;
				CLANG_WARN_QUOTED_INCLUDE_IN_FRAMEWORK_HEADER = YES;
				CLANG_WARN_RANGE_LOOP_ANALYSIS = YES;
				CLANG_WARN_STRICT_PROTOTYPES = YES;
				CLANG_WARN_SUSPICIOUS_MOVE = YES;
				CLANG_WARN_UNGUARDED_AVAILABILITY = YES_AGGRESSIVE;
				CLANG_WARN_UNREACHABLE_CODE = YES;
				CLANG_WARN__DUPLICATE_METHOD_MATCH = YES;
				COPY_PHASE_STRIP = NO;
				DEBUG_INFORMATION_FORMAT = "dwarf-with-dsym";
				ENABLE_NS_ASSERTIONS = NO;
				ENABLE_STRICT_OBJC_MSGSEND = YES;
				GCC_C_LANGUAGE_STANDARD = gnu11;
				GCC_NO_COMMON_BLOCKS = YES;
				GCC_WARN_64_TO_32_BIT_CONVERSION = YES;
				GCC_WARN_ABOUT_RETURN_TYPE = YES_ERROR;
				GCC_WARN_UNDECLARED_SELECTOR = YES;
				GCC_WARN_UNINITIALIZED_AUTOS = YES_AGGRESSIVE;
				GCC_WARN_UNUSED_FUNCTION = YES;
				GCC_WARN_UNUSED_VARIABLE = YES;
				IPHONEOS_DEPLOYMENT_TARGET = 15.2;
				MTL_ENABLE_DEBUG_INFO = NO;
				MTL_FAST_MATH = YES;
				SDKROOT = iphoneos;
				SWIFT_COMPILATION_MODE = wholemodule;
				SWIFT_OPTIMIZATION_LEVEL = "-O";
				VALIDATE_PRODUCT = YES;
			};
			name = Release;
		};
		F8E3E63B28132F5800BEEA75 /* Debug */ = {
			isa = XCBuildConfiguration;
			buildSettings = {
				ASSETCATALOG_COMPILER_APPICON_NAME = AppIcon;
				ASSETCATALOG_COMPILER_GLOBAL_ACCENT_COLOR_NAME = AccentColor;
				CODE_SIGN_ENTITLEMENTS = CustomOtpView/CustomOtpView.entitlements;
				CODE_SIGN_STYLE = Automatic;
				CURRENT_PROJECT_VERSION = 1;
				DEVELOPMENT_ASSET_PATHS = "\"CustomOtpView/Preview Content\"";
				DEVELOPMENT_TEAM = 4A8EW22W6J;
				ENABLE_PREVIEWS = YES;
				GENERATE_INFOPLIST_FILE = YES;
				INFOPLIST_FILE = CustomOtpView/Info.plist;
				INFOPLIST_KEY_UIApplicationSceneManifest_Generation = YES;
				INFOPLIST_KEY_UIApplicationSupportsIndirectInputEvents = YES;
				INFOPLIST_KEY_UILaunchScreen_Generation = YES;
				INFOPLIST_KEY_UISupportedInterfaceOrientations_iPad = "UIInterfaceOrientationPortrait UIInterfaceOrientationPortraitUpsideDown UIInterfaceOrientationLandscapeLeft UIInterfaceOrientationLandscapeRight";
				INFOPLIST_KEY_UISupportedInterfaceOrientations_iPhone = "UIInterfaceOrientationPortrait UIInterfaceOrientationLandscapeLeft UIInterfaceOrientationLandscapeRight";
				LD_RUNPATH_SEARCH_PATHS = (
					"$(inherited)",
					"@executable_path/Frameworks",
				);
				MARKETING_VERSION = 1.0;
				PRODUCT_BUNDLE_IDENTIFIER = otpview.custom.ios;
				PRODUCT_NAME = "$(TARGET_NAME)";
				SWIFT_EMIT_LOC_STRINGS = YES;
				SWIFT_VERSION = 5.0;
				TARGETED_DEVICE_FAMILY = "1,2";
			};
			name = Debug;
		};
		F8E3E63C28132F5800BEEA75 /* Release */ = {
			isa = XCBuildConfiguration;
			buildSettings = {
				ASSETCATALOG_COMPILER_APPICON_NAME = AppIcon;
				ASSETCATALOG_COMPILER_GLOBAL_ACCENT_COLOR_NAME = AccentColor;
				CODE_SIGN_ENTITLEMENTS = CustomOtpView/CustomOtpView.entitlements;
				CODE_SIGN_STYLE = Automatic;
				CURRENT_PROJECT_VERSION = 1;
				DEVELOPMENT_ASSET_PATHS = "\"CustomOtpView/Preview Content\"";
				DEVELOPMENT_TEAM = 4A8EW22W6J;
				ENABLE_PREVIEWS = YES;
				GENERATE_INFOPLIST_FILE = YES;
				INFOPLIST_FILE = CustomOtpView/Info.plist;
				INFOPLIST_KEY_UIApplicationSceneManifest_Generation = YES;
				INFOPLIST_KEY_UIApplicationSupportsIndirectInputEvents = YES;
				INFOPLIST_KEY_UILaunchScreen_Generation = YES;
				INFOPLIST_KEY_UISupportedInterfaceOrientations_iPad = "UIInterfaceOrientationPortrait UIInterfaceOrientationPortraitUpsideDown UIInterfaceOrientationLandscapeLeft UIInterfaceOrientationLandscapeRight";
				INFOPLIST_KEY_UISupportedInterfaceOrientations_iPhone = "UIInterfaceOrientationPortrait UIInterfaceOrientationLandscapeLeft UIInterfaceOrientationLandscapeRight";
				LD_RUNPATH_SEARCH_PATHS = (
					"$(inherited)",
					"@executable_path/Frameworks",
				);
				MARKETING_VERSION = 1.0;
				PRODUCT_BUNDLE_IDENTIFIER = otpview.custom.ios;
				PRODUCT_NAME = "$(TARGET_NAME)";
				SWIFT_EMIT_LOC_STRINGS = YES;
				SWIFT_VERSION = 5.0;
				TARGETED_DEVICE_FAMILY = "1,2";
			};
			name = Release;
		};
/* End XCBuildConfiguration section */

/* Begin XCConfigurationList section */
		F8E3E62728132F5600BEEA75 /* Build configuration list for PBXProject "CustomOtpView" */ = {
			isa = XCConfigurationList;
			buildConfigurations = (
				F8E3E63828132F5800BEEA75 /* Debug */,
				F8E3E63928132F5800BEEA75 /* Release */,
			);
			defaultConfigurationIsVisible = 0;
			defaultConfigurationName = Release;
		};
		F8E3E63A28132F5800BEEA75 /* Build configuration list for PBXNativeTarget "CustomOtpView" */ = {
			isa = XCConfigurationList;
			buildConfigurations = (
				F8E3E63B28132F5800BEEA75 /* Debug */,
				F8E3E63C28132F5800BEEA75 /* Release */,
			);
			defaultConfigurationIsVisible = 0;
			defaultConfigurationName = Release;
		};
/* End XCConfigurationList section */

/* Begin XCRemoteSwiftPackageReference section */
		F8572B612846570400E934E1 /* XCRemoteSwiftPackageReference "firebase-ios-sdk" */ = {
			isa = XCRemoteSwiftPackageReference;
			repositoryURL = "https://github.com/firebase/firebase-ios-sdk";
			requirement = {
				kind = upToNextMajorVersion;
				minimumVersion = 9.0.0;
			};
		};
		F8572B6B28467B9400E934E1 /* XCRemoteSwiftPackageReference "PromiseKit" */ = {
			isa = XCRemoteSwiftPackageReference;
			repositoryURL = "https://github.com/mxcl/PromiseKit";
			requirement = {
				kind = upToNextMajorVersion;
				minimumVersion = 6.0.0;
			};
		};
/* End XCRemoteSwiftPackageReference section */

/* Begin XCSwiftPackageProductDependency section */
		F8572B622846570400E934E1 /* FirebaseAuth */ = {
			isa = XCSwiftPackageProductDependency;
			package = F8572B612846570400E934E1 /* XCRemoteSwiftPackageReference "firebase-ios-sdk" */;
			productName = FirebaseAuth;
		};
		F8572B642846570400E934E1 /* FirebaseMessaging */ = {
			isa = XCSwiftPackageProductDependency;
			package = F8572B612846570400E934E1 /* XCRemoteSwiftPackageReference "firebase-ios-sdk" */;
			productName = FirebaseMessaging;
		};
		F8572B6C28467B9400E934E1 /* PromiseKit */ = {
			isa = XCSwiftPackageProductDependency;
			package = F8572B6B28467B9400E934E1 /* XCRemoteSwiftPackageReference "PromiseKit" */;
			productName = PromiseKit;
		};
/* End XCSwiftPackageProductDependency section */
	};
	rootObject = F8E3E62428132F5600BEEA75 /* Project object */;
}
